
Microsoft Visual Studio Solution File, Format Version 12.00
# Visual Studio 15
VisualStudioVersion = 15.0.27004.2002
MinimumVisualStudioVersion = 10.0.40219.1
Project("{2150E333-8FDC-42A3-9474-1A3956D46DE8}") = "Solution items", "Solution items", "{378DDF9F-0FA8-4F81-9E03-0A6AD51973AB}"
	ProjectSection(SolutionItems) = preProject
		..\..\tools\scripts\CreateNuGetPackages.ps1 = ..\..\tools\scripts\CreateNuGetPackages.ps1
		nuget\snadmin\install-preview\manifest.xml = nuget\snadmin\install-preview\manifest.xml
	EndProjectSection
EndProject
Project("{9A19103F-16F7-4668-BE54-9A1E7A4F7556}") = "Preview", "Preview\Preview.csproj", "{01AE54AF-DB4E-431E-A3F9-FBCD2AD73D03}"
EndProject
Project("{9A19103F-16F7-4668-BE54-9A1E7A4F7556}") = "Preview.Controller", "Preview.Controller\Preview.Controller.csproj", "{64FFBB21-44DB-4354-9379-757AEBE2FA74}"
EndProject
Project("{FAE04EC0-301F-11D3-BF4B-00C04F79EFBC}") = "Preview.Tests", "Preview.Tests\Preview.Tests.csproj", "{4A13AFF8-67B6-4D4A-B008-DC4A0E89DE4B}"
EndProject
Global
	GlobalSection(SolutionConfigurationPlatforms) = preSolution
		Debug|Any CPU = Debug|Any CPU
		Release|Any CPU = Release|Any CPU
	EndGlobalSection
	GlobalSection(ProjectConfigurationPlatforms) = postSolution
		{01AE54AF-DB4E-431E-A3F9-FBCD2AD73D03}.Debug|Any CPU.ActiveCfg = Debug|Any CPU
		{01AE54AF-DB4E-431E-A3F9-FBCD2AD73D03}.Debug|Any CPU.Build.0 = Debug|Any CPU
		{01AE54AF-DB4E-431E-A3F9-FBCD2AD73D03}.Release|Any CPU.ActiveCfg = Release|Any CPU
		{01AE54AF-DB4E-431E-A3F9-FBCD2AD73D03}.Release|Any CPU.Build.0 = Release|Any CPU
		{64FFBB21-44DB-4354-9379-757AEBE2FA74}.Debug|Any CPU.ActiveCfg = Debug|Any CPU
		{64FFBB21-44DB-4354-9379-757AEBE2FA74}.Debug|Any CPU.Build.0 = Debug|Any CPU
		{64FFBB21-44DB-4354-9379-757AEBE2FA74}.Release|Any CPU.ActiveCfg = Release|Any CPU
		{64FFBB21-44DB-4354-9379-757AEBE2FA74}.Release|Any CPU.Build.0 = Release|Any CPU
		{4A13AFF8-67B6-4D4A-B008-DC4A0E89DE4B}.Debug|Any CPU.ActiveCfg = Debug|Any CPU
		{4A13AFF8-67B6-4D4A-B008-DC4A0E89DE4B}.Debug|Any CPU.Build.0 = Debug|Any CPU
		{4A13AFF8-67B6-4D4A-B008-DC4A0E89DE4B}.Release|Any CPU.ActiveCfg = Release|Any CPU
		{4A13AFF8-67B6-4D4A-B008-DC4A0E89DE4B}.Release|Any CPU.Build.0 = Release|Any CPU
	EndGlobalSection
	GlobalSection(SolutionProperties) = preSolution
		HideSolutionNode = FALSE
	EndGlobalSection
	GlobalSection(ExtensibilityGlobals) = postSolution
		SolutionGuid = {235627D1-CFCF-4441-AF5D-9445AB6168C0}
	EndGlobalSection
EndGlobal
