
Microsoft Visual Studio Solution File, Format Version 12.00
# Visual Studio 15
VisualStudioVersion = 15.0.26730.16
MinimumVisualStudioVersion = 10.0.40219.1
Project("{2150E333-8FDC-42A3-9474-1A3956D46DE8}") = "Solution items", "Solution items", "{378DDF9F-0FA8-4F81-9E03-0A6AD51973AB}"
	ProjectSection(SolutionItems) = preProject
		..\..\tools\scripts\CreateNuGetPackages.ps1 = ..\..\tools\scripts\CreateNuGetPackages.ps1
	EndProjectSection
EndProject
Project("{FAE04EC0-301F-11D3-BF4B-00C04F79EFBC}") = "Preview", "Preview\Preview.csproj", "{01AE54AF-DB4E-431E-A3F9-FBCD2AD73D03}"
EndProject
Global
	GlobalSection(SolutionConfigurationPlatforms) = preSolution
		Debug|Any CPU = Debug|Any CPU
		Release|Any CPU = Release|Any CPU
	EndGlobalSection
	GlobalSection(ProjectConfigurationPlatforms) = postSolution
		{01AE54AF-DB4E-431E-A3F9-FBCD2AD73D03}.Debug|Any CPU.ActiveCfg = Debug|Any CPU
		{01AE54AF-DB4E-431E-A3F9-FBCD2AD73D03}.Debug|Any CPU.Build.0 = Debug|Any CPU
		{01AE54AF-DB4E-431E-A3F9-FBCD2AD73D03}.Release|Any CPU.ActiveCfg = Release|Any CPU
		{01AE54AF-DB4E-431E-A3F9-FBCD2AD73D03}.Release|Any CPU.Build.0 = Release|Any CPU
	EndGlobalSection
	GlobalSection(SolutionProperties) = preSolution
		HideSolutionNode = FALSE
	EndGlobalSection
	GlobalSection(ExtensibilityGlobals) = postSolution
		SolutionGuid = {235627D1-CFCF-4441-AF5D-9445AB6168C0}
	EndGlobalSection
EndGlobal
